<?xml version="1.0" encoding="utf-8"?>
<Project ToolsVersion="4.0" xmlns="http://schemas.microsoft.com/developer/msbuild/2003">
  <ItemGroup>
    <Filter Include="Source Files">
      <UniqueIdentifier>{4FC737F1-C7A5-4376-A066-2A32D752A2FF}</UniqueIdentifier>
      <Extensions>cpp;c;cc;cxx;c++;cppm;ixx;def;odl;idl;hpj;bat;asm;asmx</Extensions>
    </Filter>
    <Filter Include="Header Files">
      <UniqueIdentifier>{93995380-89BD-4b04-88EB-625FBE52EBFB}</UniqueIdentifier>
      <Extensions>h;hh;hpp;hxx;h++;hm;inl;inc;ipp;xsd</Extensions>
    </Filter>
    <Filter Include="Resource Files">
      <UniqueIdentifier>{67DA6AB6-F800-4c08-8B7A-83BB121AAD01}</UniqueIdentifier>
      <Extensions>rc;ico;cur;bmp;dlg;rc2;rct;bin;rgs;gif;jpg;jpeg;jpe;resx;tiff;tif;png;wav;mfcribbon-ms</Extensions>
    </Filter>
    <Filter Include="Source Files\shaders">
      <UniqueIdentifier>{fb8ea0bb-243c-4a65-bb3e-711083948623}</UniqueIdentifier>
    </Filter>
  </ItemGroup>
  <ItemGroup>
    <ClCompile Include="main.cpp">
      <Filter>Source Files</Filter>
    </ClCompile>
    <ClCompile Include="my_first_triangle.cpp">
      <Filter>Source Files</Filter>
    </ClCompile>
    <ClCompile Include="Shader_tester.cpp">
      <Filter>Source Files</Filter>
    </ClCompile>
    <ClCompile Include="stb_implementation.cpp">
      <Filter>Source Files</Filter>
    </ClCompile>
    <ClCompile Include="Persvective_test.cpp">
      <Filter>Source Files</Filter>
    </ClCompile>
    <ClCompile Include="glad.c">
      <Filter>Source Files</Filter>
    </ClCompile>
    <ClCompile Include="model_loading_test.cpp">
      <Filter>Source Files</Filter>
    </ClCompile>
    <ClCompile Include="ForestFireSimulation.cpp">
      <Filter>Source Files</Filter>
    </ClCompile>
  </ItemGroup>
  <ItemGroup>
    <ClInclude Include="Headers\TextRenderer.h">
      <Filter>Header Files</Filter>
    </ClInclude>
    <ClInclude Include="Headers\Camera_test.h">
      <Filter>Header Files</Filter>
    </ClInclude>
    <ClInclude Include="Headers\Shader.h">
      <Filter>Header Files</Filter>
    </ClInclude>
    <ClInclude Include="Headers\Some_functions.h">
      <Filter>Header Files</Filter>
    </ClInclude>
    <ClInclude Include="Headers\stb_image.h">
      <Filter>Header Files</Filter>
    </ClInclude>
    <ClInclude Include="Headers\Globals.h">
      <Filter>Header Files</Filter>
    </ClInclude>
    <ClInclude Include="Headers\game_object_basic.h">
      <Filter>Header Files</Filter>
    </ClInclude>
  </ItemGroup>
  <ItemGroup>
    <None Include="Shaders\Vertex_shaders\Basic_vertex.vert">
      <Filter>Source Files\shaders</Filter>
    </None>
    <None Include="Shaders\Fragment_shaders\Basic_fragment.frag">
      <Filter>Source Files\shaders</Filter>
    </None>
    <None Include="Shaders\Fragment_shaders\Black_fragment.frag">
      <Filter>Source Files\shaders</Filter>
    </None>
    <None Include="Shaders\Vertex_shaders\Basic_texture_vertex.vert">
      <Filter>Source Files\shaders</Filter>
    </None>
    <None Include="Shaders\Fragment_shaders\Basic_texture_fragment.frag">
      <Filter>Source Files\shaders</Filter>
    </None>
    <None Include="Shaders\Vertex_shaders\MVP_texture_vertex.vert">
      <Filter>Source Files\shaders</Filter>
    </None>
    <None Include="Shaders\Fragment_shaders\Text_render_fragment.frag">
      <Filter>Source Files\shaders</Filter>
    </None>
    <None Include="Shaders\Vertex_shaders\Text_render_vertex.vert">
      <Filter>Source Files\shaders</Filter>
    </None>
    <None Include="Shaders\Fragment_shaders\Light_texture_fragment.frag">
      <Filter>Source Files\shaders</Filter>
    </None>
    <None Include="Shaders\Vertex_shaders\Light_MVP_texture_vertex.vert">
      <Filter>Source Files\shaders</Filter>
    </None>
    <None Include="Shaders\Vertex_shaders\Loaded_model_vertex.vert">
      <Filter>Source Files\shaders</Filter>
    </None>
    <None Include="Shaders\Fragment_shaders\Loaded_model_fragment.frag">
      <Filter>Source Files\shaders</Filter>
    </None>
  </ItemGroup>
</Project>